
Microsoft Visual Studio Solution File, Format Version 12.00
# Visual Studio Version 16
VisualStudioVersion = 16.0.32510.428
MinimumVisualStudioVersion = 10.0.40219.1
Project("{FAE04EC0-301F-11D3-BF4B-00C04F79EFBC}") = "MyDictionary", "MyDictionary\MyDictionary.csproj", "{55453A54-D5C5-4712-AFEB-20FADC716B4B}"
EndProject
Global
	GlobalSection(SolutionConfigurationPlatforms) = preSolution
		Debug|Any CPU = Debug|Any CPU
		Release|Any CPU = Release|Any CPU
	EndGlobalSection
	GlobalSection(ProjectConfigurationPlatforms) = postSolution
		{55453A54-D5C5-4712-AFEB-20FADC716B4B}.Debug|Any CPU.ActiveCfg = Debug|Any CPU
		{55453A54-D5C5-4712-AFEB-20FADC716B4B}.Debug|Any CPU.Build.0 = Debug|Any CPU
		{55453A54-D5C5-4712-AFEB-20FADC716B4B}.Release|Any CPU.ActiveCfg = Release|Any CPU
		{55453A54-D5C5-4712-AFEB-20FADC716B4B}.Release|Any CPU.Build.0 = Release|Any CPU
	EndGlobalSection
	GlobalSection(SolutionProperties) = preSolution
		HideSolutionNode = FALSE
	EndGlobalSection
	GlobalSection(ExtensibilityGlobals) = postSolution
		SolutionGuid = {0B4EAE10-EAFF-470E-ACB9-5D3CB8192B3B}
	EndGlobalSection
EndGlobal
